lockfileVersion: '9.0'

settings:
  autoInstallPeers: true
  excludeLinksFromLockfile: false

importers:
  .:
    dependencies:
      '@paralleldrive/cuid2':
        specifier: ^2.2.2
        version: 2.2.2
      dayjs:
        specifier: ^1.11.15
        version: 1.11.15
      json-stable-stringify:
        specifier: ^1.2.1
        version: 1.3.0
      jsonpath-plus:
        specifier: ^10.3.0
        version: 10.3.0
      lodash:
        specifier: ^4.17.21
        version: 4.17.21
      lodash.clonedeep:
        specifier: ^4.5.0
        version: 4.5.0
      parse-duration:
        specifier: ^2.1.4
        version: 2.1.4
    devDependencies:
      '@acme/_eslint':
        specifier: workspace:*
        version: link:../_eslint
      '@acme/_typescript':
        specifier: workspace:*
        version: link:../_typescript
      '@types/lodash':
        specifier: ^4.17.15
        version: 4.17.20
      '@types/lodash.clonedeep':
        specifier: ^4.5.9
        version: 4.5.9
      '@types/node':
        specifier: ^22.13.10
        version: 22.18.0

packages:
  '@jsep-plugin/assignment@1.3.0':
    resolution:
      {
        integrity: sha512-VVgV+CXrhbMI3aSusQyclHkenWSAm95WaiKrMxRFam3JSUiIaQjoMIw2sEs/OX4XifnqeQUN4DYbJjlA8EfktQ==,
      }
    engines: { node: '>= 10.16.0' }
    peerDependencies:
      jsep: ^0.4.0||^1.0.0

  '@jsep-plugin/regex@1.0.4':
    resolution:
      {
        integrity: sha512-q7qL4Mgjs1vByCaTnDFcBnV9HS7GVPJX5vyVoCgZHNSC9rjwIlmbXG5sUuorR5ndfHAIlJ8pVStxvjXHbNvtUg==,
      }
    engines: { node: '>= 10.16.0' }
    peerDependencies:
      jsep: ^0.4.0||^1.0.0

  '@noble/hashes@1.8.0':
    resolution:
      {
        integrity: sha512-jCs9ldd7NwzpgXDIf6P3+NrHh9/sD6CQdxHyjQI+h/6rDNo88ypBxxz45UDuZHz9r3tNz7N/VInSVoVdtXEI4A==,
      }
    engines: { node: ^14.21.3 || >=16 }

  '@paralleldrive/cuid2@2.2.2':
    resolution:
      {
        integrity: sha512-ZOBkgDwEdoYVlSeRbYYXs0S9MejQofiVYoTbKzy/6GQa39/q5tQU2IX46+shYnUkpEl3wc+J6wRlar7r2EK2xA==,
      }

  '@types/lodash.clonedeep@4.5.9':
    resolution:
      {
        integrity: sha512-19429mWC+FyaAhOLzsS8kZUsI+/GmBAQ0HFiCPsKGU+7pBXOQWhyrY6xNNDwUSX8SMZMJvuFVMF9O5dQOlQK9Q==,
      }

  '@types/lodash@4.17.20':
    resolution:
      {
        integrity: sha512-H3MHACvFUEiujabxhaI/ImO6gUrd8oOurg7LQtS7mbwIXA/cUqWrvBsaeJ23aZEPk1TAYkurjfMbSELfoCXlGA==,
      }

  '@types/node@22.18.0':
    resolution:
      {
        integrity: sha512-m5ObIqwsUp6BZzyiy4RdZpzWGub9bqLJMvZDD0QMXhxjqMHMENlj+SqF5QxoUwaQNFe+8kz8XM8ZQhqkQPTgMQ==,
      }

  call-bind-apply-helpers@1.0.2:
    resolution:
      {
        integrity: sha512-Sp1ablJ0ivDkSzjcaJdxEunN5/XvksFJ2sMBFfq6x0ryhQV/2b/KwFe21cMpmHtPOSij8K99/wSfoEuTObmuMQ==,
      }
    engines: { node: '>= 0.4' }

  call-bind@1.0.8:
    resolution:
      {
        integrity: sha512-oKlSFMcMwpUg2ednkhQ454wfWiU/ul3CkJe/PEHcTKuiX6RpbehUiFMXu13HalGZxfUwCQzZG747YXBn1im9ww==,
      }
    engines: { node: '>= 0.4' }

  call-bound@1.0.4:
    resolution:
      {
        integrity: sha512-+ys997U96po4Kx/ABpBCqhA9EuxJaQWDQg7295H4hBphv3IZg0boBKuwYpt4YXp6MZ5AmZQnU/tyMTlRpaSejg==,
      }
    engines: { node: '>= 0.4' }

  dayjs@1.11.15:
    resolution:
      {
        integrity: sha512-MC+DfnSWiM9APs7fpiurHGCoeIx0Gdl6QZBy+5lu8MbYKN5FZEXqOgrundfibdfhGZ15o9hzmZ2xJjZnbvgKXQ==,
      }

  define-data-property@1.1.4:
    resolution:
      {
        integrity: sha512-rBMvIzlpA8v6E+SJZoo++HAYqsLrkg7MSfIinMPFhmkorw7X+dOXVJQs+QT69zGkzMyfDnIMN2Wid1+NbL3T+A==,
      }
    engines: { node: '>= 0.4' }

  dunder-proto@1.0.1:
    resolution:
      {
        integrity: sha512-KIN/nDJBQRcXw0MLVhZE9iQHmG68qAVIBg9CqmUYjmQIhgij9U5MFvrqkUL5FbtyyzZuOeOt0zdeRe4UY7ct+A==,
      }
    engines: { node: '>= 0.4' }

  es-define-property@1.0.1:
    resolution:
      {
        integrity: sha512-e3nRfgfUZ4rNGL232gUgX06QNyyez04KdjFrF+LTRoOXmrOgFKDg4BCdsjW8EnT69eqdYGmRpJwiPVYNrCaW3g==,
      }
    engines: { node: '>= 0.4' }

  es-errors@1.3.0:
    resolution:
      {
        integrity: sha512-Zf5H2Kxt2xjTvbJvP2ZWLEICxA6j+hAmMzIlypy4xcBg1vKVnx89Wy0GbS+kf5cwCVFFzdCFh2XSCFNULS6csw==,
      }
    engines: { node: '>= 0.4' }

  es-object-atoms@1.1.1:
    resolution:
      {
        integrity: sha512-FGgH2h8zKNim9ljj7dankFPcICIK9Cp5bm+c2gQSYePhpaG5+esrLODihIorn+Pe6FGJzWhXQotPv73jTaldXA==,
      }
    engines: { node: '>= 0.4' }

  function-bind@1.1.2:
    resolution:
      {
        integrity: sha512-7XHNxH7qX9xG5mIwxkhumTox/MIRNcOgDrxWsMt2pAr23WHp6MrRlN7FBSFpCpr+oVO0F744iUgR82nJMfG2SA==,
      }

  get-intrinsic@1.3.0:
    resolution:
      {
        integrity: sha512-9fSjSaos/fRIVIp+xSJlE6lfwhES7LNtKaCBIamHsjr2na1BiABJPo0mOjjz8GJDURarmCPGqaiVg5mfjb98CQ==,
      }
    engines: { node: '>= 0.4' }

  get-proto@1.0.1:
    resolution:
      {
        integrity: sha512-sTSfBjoXBp89JvIKIefqw7U2CCebsc74kiY6awiGogKtoSGbgjYE/G/+l9sF3MWFPNc9IcoOC4ODfKHfxFmp0g==,
      }
    engines: { node: '>= 0.4' }

  gopd@1.2.0:
    resolution:
      {
        integrity: sha512-ZUKRh6/kUFoAiTAtTYPZJ3hw9wNxx+BIBOijnlG9PnrJsCcSjs1wyyD6vJpaYtgnzDrKYRSqf3OO6Rfa93xsRg==,
      }
    engines: { node: '>= 0.4' }

  has-property-descriptors@1.0.2:
    resolution:
      {
        integrity: sha512-55JNKuIW+vq4Ke1BjOTjM2YctQIvCT7GFzHwmfZPGo5wnrgkid0YQtnAleFSqumZm4az3n2BS+erby5ipJdgrg==,
      }

  has-symbols@1.1.0:
    resolution:
      {
        integrity: sha512-1cDNdwJ2Jaohmb3sg4OmKaMBwuC48sYni5HUw2DvsC8LjGTLK9h+eb1X6RyuOHe4hT0ULCW68iomhjUoKUqlPQ==,
      }
    engines: { node: '>= 0.4' }

  hasown@2.0.2:
    resolution:
      {
        integrity: sha512-0hJU9SCPvmMzIBdZFqNPXWa6dqh7WdH0cII9y+CyS8rG3nL48Bclra9HmKhVVUHyPWNH5Y7xDwAB7bfgSjkUMQ==,
      }
    engines: { node: '>= 0.4' }

  isarray@2.0.5:
    resolution:
      {
        integrity: sha512-xHjhDr3cNBK0BzdUJSPXZntQUx/mwMS5Rw4A7lPJ90XGAO6ISP/ePDNuo0vhqOZU+UD5JoodwCAAoZQd3FeAKw==,
      }

  jsep@1.4.0:
    resolution:
      {
        integrity: sha512-B7qPcEVE3NVkmSJbaYxvv4cHkVW7DQsZz13pUMrfS8z8Q/BuShN+gcTXrUlPiGqM2/t/EEaI030bpxMqY8gMlw==,
      }
    engines: { node: '>= 10.16.0' }

  json-stable-stringify@1.3.0:
    resolution:
      {
        integrity: sha512-qtYiSSFlwot9XHtF9bD9c7rwKjr+RecWT//ZnPvSmEjpV5mmPOCN4j8UjY5hbjNkOwZ/jQv3J6R1/pL7RwgMsg==,
      }
    engines: { node: '>= 0.4' }

  jsonify@0.0.1:
    resolution:
      {
        integrity: sha512-2/Ki0GcmuqSrgFyelQq9M05y7PS0mEwuIzrf3f1fPqkVDVRvZrPZtVSMHxdgo8Aq0sxAOb/cr2aqqA3LeWHVPg==,
      }

  jsonpath-plus@10.3.0:
    resolution:
      {
        integrity: sha512-8TNmfeTCk2Le33A3vRRwtuworG/L5RrgMvdjhKZxvyShO+mBu2fP50OWUjRLNtvw344DdDarFh9buFAZs5ujeA==,
      }
    engines: { node: '>=18.0.0' }
    hasBin: true

  lodash.clonedeep@4.5.0:
    resolution:
      {
        integrity: sha512-H5ZhCF25riFd9uB5UCkVKo61m3S/xZk1x4wA6yp/L3RFP6Z/eHH1ymQcGLo7J3GMPfm0V/7m1tryHuGVxpqEBQ==,
      }

  lodash@4.17.21:
    resolution:
      {
        integrity: sha512-v2kDEe57lecTulaDIuNTPy3Ry4gLGJ6Z1O3vE1krgXZNrsQ+LFTGHVxVjcXPs17LhbZVGedAJv8XZ1tvj5FvSg==,
      }

  math-intrinsics@1.1.0:
    resolution:
      {
        integrity: sha512-/IXtbwEk5HTPyEwyKX6hGkYXxM9nbj64B+ilVJnC/R6B0pH5G4V3b0pVbL7DBj4tkhBAppbQUlf6F6Xl9LHu1g==,
      }
    engines: { node: '>= 0.4' }

  object-keys@1.1.1:
    resolution:
      {
        integrity: sha512-NuAESUOUMrlIXOfHKzD6bpPu3tYt3xvjNdRIQ+FeT0lNb4K8WR70CaDxhuNguS2XG+GjkyMwOzsN5ZktImfhLA==,
      }
    engines: { node: '>= 0.4' }

  parse-duration@2.1.4:
    resolution:
      {
        integrity: sha512-b98m6MsCh+akxfyoz9w9dt0AlH2dfYLOBss5SdDsr9pkhKNvkWBXU/r8A4ahmIGByBOLV2+4YwfCuFxbDDaGyg==,
      }

  set-function-length@1.2.2:
    resolution:
      {
        integrity: sha512-pgRc4hJ4/sNjWCSS9AmnS40x3bNMDTknHgL5UaMBTMyJnU90EgWh1Rz+MC9eFu4BuN/UwZjKQuY/1v3rM7HMfg==,
      }
    engines: { node: '>= 0.4' }

  undici-types@6.21.0:
    resolution:
      {
        integrity: sha512-iwDZqg0QAGrg9Rav5H4n0M64c3mkR59cJ6wQp+7C4nI0gsmExaedaYLNO44eT4AtBBwjbTiGPMlt2Md0T9H9JQ==,
      }

snapshots:
  '@jsep-plugin/assignment@1.3.0(jsep@1.4.0)':
    dependencies:
      jsep: 1.4.0

  '@jsep-plugin/regex@1.0.4(jsep@1.4.0)':
    dependencies:
      jsep: 1.4.0

  '@noble/hashes@1.8.0': {}

  '@paralleldrive/cuid2@2.2.2':
    dependencies:
      '@noble/hashes': 1.8.0

  '@types/lodash.clonedeep@4.5.9':
    dependencies:
      '@types/lodash': 4.17.20

  '@types/lodash@4.17.20': {}

  '@types/node@22.18.0':
    dependencies:
      undici-types: 6.21.0

  call-bind-apply-helpers@1.0.2:
    dependencies:
      es-errors: 1.3.0
      function-bind: 1.1.2

  call-bind@1.0.8:
    dependencies:
      call-bind-apply-helpers: 1.0.2
      es-define-property: 1.0.1
      get-intrinsic: 1.3.0
      set-function-length: 1.2.2

  call-bound@1.0.4:
    dependencies:
      call-bind-apply-helpers: 1.0.2
      get-intrinsic: 1.3.0

  dayjs@1.11.15: {}

  define-data-property@1.1.4:
    dependencies:
      es-define-property: 1.0.1
      es-errors: 1.3.0
      gopd: 1.2.0

  dunder-proto@1.0.1:
    dependencies:
      call-bind-apply-helpers: 1.0.2
      es-errors: 1.3.0
      gopd: 1.2.0

  es-define-property@1.0.1: {}

  es-errors@1.3.0: {}

  es-object-atoms@1.1.1:
    dependencies:
      es-errors: 1.3.0

  function-bind@1.1.2: {}

  get-intrinsic@1.3.0:
    dependencies:
      call-bind-apply-helpers: 1.0.2
      es-define-property: 1.0.1
      es-errors: 1.3.0
      es-object-atoms: 1.1.1
      function-bind: 1.1.2
      get-proto: 1.0.1
      gopd: 1.2.0
      has-symbols: 1.1.0
      hasown: 2.0.2
      math-intrinsics: 1.1.0

  get-proto@1.0.1:
    dependencies:
      dunder-proto: 1.0.1
      es-object-atoms: 1.1.1

  gopd@1.2.0: {}

  has-property-descriptors@1.0.2:
    dependencies:
      es-define-property: 1.0.1

  has-symbols@1.1.0: {}

  hasown@2.0.2:
    dependencies:
      function-bind: 1.1.2

  isarray@2.0.5: {}

  jsep@1.4.0: {}

  json-stable-stringify@1.3.0:
    dependencies:
      call-bind: 1.0.8
      call-bound: 1.0.4
      isarray: 2.0.5
      jsonify: 0.0.1
      object-keys: 1.1.1

  jsonify@0.0.1: {}

  jsonpath-plus@10.3.0:
    dependencies:
      '@jsep-plugin/assignment': 1.3.0(jsep@1.4.0)
      '@jsep-plugin/regex': 1.0.4(jsep@1.4.0)
      jsep: 1.4.0

  lodash.clonedeep@4.5.0: {}

  lodash@4.17.21: {}

  math-intrinsics@1.1.0: {}

  object-keys@1.1.1: {}

  parse-duration@2.1.4: {}

  set-function-length@1.2.2:
    dependencies:
      define-data-property: 1.1.4
      es-errors: 1.3.0
      function-bind: 1.1.2
      get-intrinsic: 1.3.0
      gopd: 1.2.0
      has-property-descriptors: 1.0.2

  undici-types@6.21.0: {}
